// !$*UTF8*$!
{
	archiveVersion = 1;
	classes = {
	};
	objectVersion = 50;
	objects = {

/* Begin PBXBuildFile section */
		E360E290213E820000CBE9A7 /* BaseModel.swift in Sources */ = {isa = PBXBuildFile; fileRef = E360E28F213E820000CBE9A7 /* BaseModel.swift */; };
		E360E292213E85A300CBE9A7 /* ServerError.swift in Sources */ = {isa = PBXBuildFile; fileRef = E360E291213E85A300CBE9A7 /* ServerError.swift */; };
		E360E294213E888A00CBE9A7 /* UserResponse.swift in Sources */ = {isa = PBXBuildFile; fileRef = E360E293213E888A00CBE9A7 /* UserResponse.swift */; };
		E360E296213EACF700CBE9A7 /* CredentialsStorage.swift in Sources */ = {isa = PBXBuildFile; fileRef = E360E295213EACF700CBE9A7 /* CredentialsStorage.swift */; };
		E360E299213EC31F00CBE9A7 /* LoginViewController.swift in Sources */ = {isa = PBXBuildFile; fileRef = E360E298213EC31F00CBE9A7 /* LoginViewController.swift */; };
		E360E29B213EC40300CBE9A7 /* LoginViewModel.swift in Sources */ = {isa = PBXBuildFile; fileRef = E360E29A213EC40300CBE9A7 /* LoginViewModel.swift */; };
		E360E29D213ED40F00CBE9A7 /* IQKeyboardManager.framework in Frameworks */ = {isa = PBXBuildFile; fileRef = E360E29C213ED40F00CBE9A7 /* IQKeyboardManager.framework */; };
		E3837456213AFB63006C1054 /* AppDelegate.swift in Sources */ = {isa = PBXBuildFile; fileRef = E3837455213AFB63006C1054 /* AppDelegate.swift */; };
		E383745B213AFB63006C1054 /* Main.storyboard in Resources */ = {isa = PBXBuildFile; fileRef = E3837459213AFB63006C1054 /* Main.storyboard */; };
		E383745D213AFB65006C1054 /* Assets.xcassets in Resources */ = {isa = PBXBuildFile; fileRef = E383745C213AFB65006C1054 /* Assets.xcassets */; };
		E3837460213AFB65006C1054 /* LaunchScreen.storyboard in Resources */ = {isa = PBXBuildFile; fileRef = E383745E213AFB65006C1054 /* LaunchScreen.storyboard */; };
		E3837469213B023C006C1054 /* Alamofire.framework in Frameworks */ = {isa = PBXBuildFile; fileRef = E3837468213B023C006C1054 /* Alamofire.framework */; };
		E383746B213B023F006C1054 /* CleanroomLogger.framework in Frameworks */ = {isa = PBXBuildFile; fileRef = E383746A213B023F006C1054 /* CleanroomLogger.framework */; };
		E383746D213B0243006C1054 /* KeychainAccess.framework in Frameworks */ = {isa = PBXBuildFile; fileRef = E383746C213B0243006C1054 /* KeychainAccess.framework */; };
		E383746F213B0247006C1054 /* MBProgressHUD.framework in Frameworks */ = {isa = PBXBuildFile; fileRef = E383746E213B0247006C1054 /* MBProgressHUD.framework */; };
		E3837471213B024C006C1054 /* ObjectMapper.framework in Frameworks */ = {isa = PBXBuildFile; fileRef = E3837470213B024C006C1054 /* ObjectMapper.framework */; };
		E3F62718213E6E6000666CE5 /* AuthorizationService.swift in Sources */ = {isa = PBXBuildFile; fileRef = E3F62717213E6E6000666CE5 /* AuthorizationService.swift */; };
/* End PBXBuildFile section */

/* Begin PBXFileReference section */
		E360E28F213E820000CBE9A7 /* BaseModel.swift */ = {isa = PBXFileReference; lastKnownFileType = sourcecode.swift; path = BaseModel.swift; sourceTree = "<group>"; };
		E360E291213E85A300CBE9A7 /* ServerError.swift */ = {isa = PBXFileReference; lastKnownFileType = sourcecode.swift; path = ServerError.swift; sourceTree = "<group>"; };
		E360E293213E888A00CBE9A7 /* UserResponse.swift */ = {isa = PBXFileReference; lastKnownFileType = sourcecode.swift; path = UserResponse.swift; sourceTree = "<group>"; };
		E360E295213EACF700CBE9A7 /* CredentialsStorage.swift */ = {isa = PBXFileReference; lastKnownFileType = sourcecode.swift; path = CredentialsStorage.swift; sourceTree = "<group>"; };
		E360E298213EC31F00CBE9A7 /* LoginViewController.swift */ = {isa = PBXFileReference; lastKnownFileType = sourcecode.swift; path = LoginViewController.swift; sourceTree = "<group>"; };
		E360E29A213EC40300CBE9A7 /* LoginViewModel.swift */ = {isa = PBXFileReference; lastKnownFileType = sourcecode.swift; path = LoginViewModel.swift; sourceTree = "<group>"; };
		E360E29C213ED40F00CBE9A7 /* IQKeyboardManager.framework */ = {isa = PBXFileReference; lastKnownFileType = wrapper.framework; name = IQKeyboardManager.framework; path = Carthage/Build/iOS/IQKeyboardManager.framework; sourceTree = "<group>"; };
		E3837452213AFB63006C1054 /* JatAppDemo.app */ = {isa = PBXFileReference; explicitFileType = wrapper.application; includeInIndex = 0; path = JatAppDemo.app; sourceTree = BUILT_PRODUCTS_DIR; };
		E3837455213AFB63006C1054 /* AppDelegate.swift */ = {isa = PBXFileReference; lastKnownFileType = sourcecode.swift; path = AppDelegate.swift; sourceTree = "<group>"; };
		E383745A213AFB63006C1054 /* Base */ = {isa = PBXFileReference; lastKnownFileType = file.storyboard; name = Base; path = Base.lproj/Main.storyboard; sourceTree = "<group>"; };
		E383745C213AFB65006C1054 /* Assets.xcassets */ = {isa = PBXFileReference; lastKnownFileType = folder.assetcatalog; path = Assets.xcassets; sourceTree = "<group>"; };
		E383745F213AFB65006C1054 /* Base */ = {isa = PBXFileReference; lastKnownFileType = file.storyboard; name = Base; path = Base.lproj/LaunchScreen.storyboard; sourceTree = "<group>"; };
		E3837461213AFB65006C1054 /* Info.plist */ = {isa = PBXFileReference; lastKnownFileType = text.plist.xml; path = Info.plist; sourceTree = "<group>"; };
		E3837468213B023C006C1054 /* Alamofire.framework */ = {isa = PBXFileReference; lastKnownFileType = wrapper.framework; name = Alamofire.framework; path = Carthage/Build/iOS/Alamofire.framework; sourceTree = "<group>"; };
		E383746A213B023F006C1054 /* CleanroomLogger.framework */ = {isa = PBXFileReference; lastKnownFileType = wrapper.framework; name = CleanroomLogger.framework; path = Carthage/Build/iOS/CleanroomLogger.framework; sourceTree = "<group>"; };
		E383746C213B0243006C1054 /* KeychainAccess.framework */ = {isa = PBXFileReference; lastKnownFileType = wrapper.framework; name = KeychainAccess.framework; path = Carthage/Build/iOS/KeychainAccess.framework; sourceTree = "<group>"; };
		E383746E213B0247006C1054 /* MBProgressHUD.framework */ = {isa = PBXFileReference; lastKnownFileType = wrapper.framework; name = MBProgressHUD.framework; path = Carthage/Build/iOS/MBProgressHUD.framework; sourceTree = "<group>"; };
		E3837470213B024C006C1054 /* ObjectMapper.framework */ = {isa = PBXFileReference; lastKnownFileType = wrapper.framework; name = ObjectMapper.framework; path = Carthage/Build/iOS/ObjectMapper.framework; sourceTree = "<group>"; };
		E3837472213B0250006C1054 /* Result.framework */ = {isa = PBXFileReference; lastKnownFileType = wrapper.framework; name = Result.framework; path = Carthage/Build/iOS/Result.framework; sourceTree = "<group>"; };
		E3F62717213E6E6000666CE5 /* AuthorizationService.swift */ = {isa = PBXFileReference; lastKnownFileType = sourcecode.swift; path = AuthorizationService.swift; sourceTree = "<group>"; };
/* End PBXFileReference section */

/* Begin PBXFrameworksBuildPhase section */
		E383744F213AFB63006C1054 /* Frameworks */ = {
			isa = PBXFrameworksBuildPhase;
			buildActionMask = 2147483647;
			files = (
				E3837471213B024C006C1054 /* ObjectMapper.framework in Frameworks */,
				E383746F213B0247006C1054 /* MBProgressHUD.framework in Frameworks */,
				E383746D213B0243006C1054 /* KeychainAccess.framework in Frameworks */,
				E383746B213B023F006C1054 /* CleanroomLogger.framework in Frameworks */,
				E3837469213B023C006C1054 /* Alamofire.framework in Frameworks */,
				E360E29D213ED40F00CBE9A7 /* IQKeyboardManager.framework in Frameworks */,
			);
			runOnlyForDeploymentPostprocessing = 0;
		};
/* End PBXFrameworksBuildPhase section */

/* Begin PBXGroup section */
		E350F09B213BD9D500F9D002 /* Kit */ = {
			isa = PBXGroup;
			children = (
				E360E295213EACF700CBE9A7 /* CredentialsStorage.swift */,
				E360E28E213E81CC00CBE9A7 /* Models */,
				E350F09C213BD9DD00F9D002 /* Services */,
			);
			path = Kit;
			sourceTree = "<group>";
		};
		E350F09C213BD9DD00F9D002 /* Services */ = {
			isa = PBXGroup;
			children = (
				E3F62717213E6E6000666CE5 /* AuthorizationService.swift */,
			);
			path = Services;
			sourceTree = "<group>";
		};
		E360E28E213E81CC00CBE9A7 /* Models */ = {
			isa = PBXGroup;
			children = (
				E360E28F213E820000CBE9A7 /* BaseModel.swift */,
				E360E291213E85A300CBE9A7 /* ServerError.swift */,
				E360E293213E888A00CBE9A7 /* UserResponse.swift */,
			);
			path = Models;
			sourceTree = "<group>";
		};
		E360E297213EC08E00CBE9A7 /* Authorization */ = {
			isa = PBXGroup;
			children = (
				E360E298213EC31F00CBE9A7 /* LoginViewController.swift */,
				E360E29A213EC40300CBE9A7 /* LoginViewModel.swift */,
			);
			path = Authorization;
			sourceTree = "<group>";
		};
		E3837449213AFB63006C1054 = {
			isa = PBXGroup;
			children = (
				E350F09B213BD9D500F9D002 /* Kit */,
				E3837454213AFB63006C1054 /* JatAppDemo */,
				E3837453213AFB63006C1054 /* Products */,
				E3837467213B023C006C1054 /* Frameworks */,
			);
			sourceTree = "<group>";
		};
		E3837453213AFB63006C1054 /* Products */ = {
			isa = PBXGroup;
			children = (
				E3837452213AFB63006C1054 /* JatAppDemo.app */,
			);
			name = Products;
			sourceTree = "<group>";
		};
		E3837454213AFB63006C1054 /* JatAppDemo */ = {
			isa = PBXGroup;
			children = (
				E360E297213EC08E00CBE9A7 /* Authorization */,
				E3837455213AFB63006C1054 /* AppDelegate.swift */,
				E3837459213AFB63006C1054 /* Main.storyboard */,
				E383745C213AFB65006C1054 /* Assets.xcassets */,
				E383745E213AFB65006C1054 /* LaunchScreen.storyboard */,
				E3837461213AFB65006C1054 /* Info.plist */,
			);
			path = JatAppDemo;
			sourceTree = "<group>";
		};
		E3837467213B023C006C1054 /* Frameworks */ = {
			isa = PBXGroup;
			children = (
				E360E29C213ED40F00CBE9A7 /* IQKeyboardManager.framework */,
				E3837472213B0250006C1054 /* Result.framework */,
				E3837470213B024C006C1054 /* ObjectMapper.framework */,
				E383746E213B0247006C1054 /* MBProgressHUD.framework */,
				E383746C213B0243006C1054 /* KeychainAccess.framework */,
				E383746A213B023F006C1054 /* CleanroomLogger.framework */,
				E3837468213B023C006C1054 /* Alamofire.framework */,
			);
			name = Frameworks;
			sourceTree = "<group>";
		};
/* End PBXGroup section */

/* Begin PBXNativeTarget section */
		E3837451213AFB63006C1054 /* JatAppDemo */ = {
			isa = PBXNativeTarget;
			buildConfigurationList = E3837464213AFB65006C1054 /* Build configuration list for PBXNativeTarget "JatAppDemo" */;
			buildPhases = (
				E383744E213AFB63006C1054 /* Sources */,
				E383744F213AFB63006C1054 /* Frameworks */,
				E3837450213AFB63006C1054 /* Resources */,
				E3837475213B05FF006C1054 /* ShellScript */,
			);
			buildRules = (
			);
			dependencies = (
			);
			name = JatAppDemo;
			productName = JatAppDemo;
			productReference = E3837452213AFB63006C1054 /* JatAppDemo.app */;
			productType = "com.apple.product-type.application";
		};
/* End PBXNativeTarget section */

/* Begin PBXProject section */
		E383744A213AFB63006C1054 /* Project object */ = {
			isa = PBXProject;
			attributes = {
				LastSwiftUpdateCheck = 0940;
				LastUpgradeCheck = 0940;
				ORGANIZATIONNAME = JatApp;
				TargetAttributes = {
					E3837451213AFB63006C1054 = {
						CreatedOnToolsVersion = 9.4.1;
					};
				};
			};
			buildConfigurationList = E383744D213AFB63006C1054 /* Build configuration list for PBXProject "JatAppDemo" */;
			compatibilityVersion = "Xcode 9.3";
			developmentRegion = en;
			hasScannedForEncodings = 0;
			knownRegions = (
				en,
				Base,
			);
			mainGroup = E3837449213AFB63006C1054;
			productRefGroup = E3837453213AFB63006C1054 /* Products */;
			projectDirPath = "";
			projectRoot = "";
			targets = (
				E3837451213AFB63006C1054 /* JatAppDemo */,
			);
		};
/* End PBXProject section */

/* Begin PBXResourcesBuildPhase section */
		E3837450213AFB63006C1054 /* Resources */ = {
			isa = PBXResourcesBuildPhase;
			buildActionMask = 2147483647;
			files = (
				E3837460213AFB65006C1054 /* LaunchScreen.storyboard in Resources */,
				E383745D213AFB65006C1054 /* Assets.xcassets in Resources */,
				E383745B213AFB63006C1054 /* Main.storyboard in Resources */,
			);
			runOnlyForDeploymentPostprocessing = 0;
		};
/* End PBXResourcesBuildPhase section */

/* Begin PBXShellScriptBuildPhase section */
		E3837475213B05FF006C1054 /* ShellScript */ = {
			isa = PBXShellScriptBuildPhase;
			buildActionMask = 2147483647;
			files = (
			);
			inputPaths = (
				"$(SRCROOT)/Carthage/Build/iOS/ObjectMapper.framework",
				"$(SRCROOT)/Carthage/Build/iOS/CleanroomLogger.framework",
				"$(SRCROOT)/Carthage/Build/iOS/Alamofire.framework",
				"$(SRCROOT)/Carthage/Build/iOS/KeychainAccess.framework",
				"$(SRCROOT)/Carthage/Build/iOS/MBProgressHUD.framework",
				"$(SRCROOT)/Carthage/Build/iOS/RxSwift.framework",
				"$(SRCROOT)/Carthage/Build/iOS/RxCocoa.framework",
				"$(SRCROOT)/Carthage/Build/iOS/RxBlocking.framework",
				"$(SRCROOT)/Carthage/Build/iOS/RxTest.framework",
				"$(SRCROOT)/Carthage/Build/iOS/IQKeyboardManager.framework",
			);
			outputPaths = (
			);
			runOnlyForDeploymentPostprocessing = 0;
			shellPath = /bin/sh;
			shellScript = "/usr/local/bin/carthage copy-frameworks";
		};
/* End PBXShellScriptBuildPhase section */

/* Begin PBXSourcesBuildPhase section */
		E383744E213AFB63006C1054 /* Sources */ = {
			isa = PBXSourcesBuildPhase;
			buildActionMask = 2147483647;
			files = (
				E360E292213E85A300CBE9A7 /* ServerError.swift in Sources */,
				E3F62718213E6E6000666CE5 /* AuthorizationService.swift in Sources */,
				E360E290213E820000CBE9A7 /* BaseModel.swift in Sources */,
				E360E299213EC31F00CBE9A7 /* LoginViewController.swift in Sources */,
				E3837456213AFB63006C1054 /* AppDelegate.swift in Sources */,
				E360E296213EACF700CBE9A7 /* CredentialsStorage.swift in Sources */,
				E360E294213E888A00CBE9A7 /* UserResponse.swift in Sources */,
				E360E29B213EC40300CBE9A7 /* LoginViewModel.swift in Sources */,
			);
			runOnlyForDeploymentPostprocessing = 0;
		};
/* End PBXSourcesBuildPhase section */

/* Begin PBXVariantGroup section */
		E3837459213AFB63006C1054 /* Main.storyboard */ = {
			isa = PBXVariantGroup;
			children = (
				E383745A213AFB63006C1054 /* Base */,
			);
			name = Main.storyboard;
			sourceTree = "<group>";
		};
		E383745E213AFB65006C1054 /* LaunchScreen.storyboard */ = {
			isa = PBXVariantGroup;
			children = (
				E383745F213AFB65006C1054 /* Base */,
			);
			name = LaunchScreen.storyboard;
			sourceTree = "<group>";
		};
/* End PBXVariantGroup section */

/* Begin XCBuildConfiguration section */
		E3837462213AFB65006C1054 /* Debug */ = {
			isa = XCBuildConfiguration;
			buildSettings = {
				ALWAYS_SEARCH_USER_PATHS = NO;
				CLANG_ANALYZER_NONNULL = YES;
				CLANG_ANALYZER_NUMBER_OBJECT_CONVERSION = YES_AGGRESSIVE;
				CLANG_CXX_LANGUAGE_STANDARD = "gnu++14";
				CLANG_CXX_LIBRARY = "libc++";
				CLANG_ENABLE_MODULES = YES;
				CLANG_ENABLE_OBJC_ARC = YES;
				CLANG_ENABLE_OBJC_WEAK = YES;
				CLANG_WARN_BLOCK_CAPTURE_AUTORELEASING = YES;
				CLANG_WARN_BOOL_CONVERSION = YES;
				CLANG_WARN_COMMA = YES;
				CLANG_WARN_CONSTANT_CONVERSION = YES;
				CLANG_WARN_DEPRECATED_OBJC_IMPLEMENTATIONS = YES;
				CLANG_WARN_DIRECT_OBJC_ISA_USAGE = YES_ERROR;
				CLANG_WARN_DOCUMENTATION_COMMENTS = YES;
				CLANG_WARN_EMPTY_BODY = YES;
				CLANG_WARN_ENUM_CONVERSION = YES;
				CLANG_WARN_INFINITE_RECURSION = YES;
				CLANG_WARN_INT_CONVERSION = YES;
				CLANG_WARN_NON_LITERAL_NULL_CONVERSION = YES;
				CLANG_WARN_OBJC_IMPLICIT_RETAIN_SELF = YES;
				CLANG_WARN_OBJC_LITERAL_CONVERSION = YES;
				CLANG_WARN_OBJC_ROOT_CLASS = YES_ERROR;
				CLANG_WARN_RANGE_LOOP_ANALYSIS = YES;
				CLANG_WARN_STRICT_PROTOTYPES = YES;
				CLANG_WARN_SUSPICIOUS_MOVE = YES;
				CLANG_WARN_UNGUARDED_AVAILABILITY = YES_AGGRESSIVE;
				CLANG_WARN_UNREACHABLE_CODE = YES;
				CLANG_WARN__DUPLICATE_METHOD_MATCH = YES;
				CODE_SIGN_IDENTITY = "iPhone Developer";
				COPY_PHASE_STRIP = NO;
				DEBUG_INFORMATION_FORMAT = dwarf;
				ENABLE_STRICT_OBJC_MSGSEND = YES;
				ENABLE_TESTABILITY = YES;
				GCC_C_LANGUAGE_STANDARD = gnu11;
				GCC_DYNAMIC_NO_PIC = NO;
				GCC_NO_COMMON_BLOCKS = YES;
				GCC_OPTIMIZATION_LEVEL = 0;
				GCC_PREPROCESSOR_DEFINITIONS = (
					"DEBUG=1",
					"$(inherited)",
				);
				GCC_WARN_64_TO_32_BIT_CONVERSION = YES;
				GCC_WARN_ABOUT_RETURN_TYPE = YES_ERROR;
				GCC_WARN_UNDECLARED_SELECTOR = YES;
				GCC_WARN_UNINITIALIZED_AUTOS = YES_AGGRESSIVE;
				GCC_WARN_UNUSED_FUNCTION = YES;
				GCC_WARN_UNUSED_VARIABLE = YES;
				IPHONEOS_DEPLOYMENT_TARGET = 11.4;
				MTL_ENABLE_DEBUG_INFO = YES;
				ONLY_ACTIVE_ARCH = YES;
				SDKROOT = iphoneos;
				SWIFT_ACTIVE_COMPILATION_CONDITIONS = DEBUG;
				SWIFT_OPTIMIZATION_LEVEL = "-Onone";
			};
			name = Debug;
		};
		E3837463213AFB65006C1054 /* Release */ = {
			isa = XCBuildConfiguration;
			buildSettings = {
				ALWAYS_SEARCH_USER_PATHS = NO;
				CLANG_ANALYZER_NONNULL = YES;
				CLANG_ANALYZER_NUMBER_OBJECT_CONVERSION = YES_AGGRESSIVE;
				CLANG_CXX_LANGUAGE_STANDARD = "gnu++14";
				CLANG_CXX_LIBRARY = "libc++";
				CLANG_ENABLE_MODULES = YES;
				CLANG_ENABLE_OBJC_ARC = YES;
				CLANG_ENABLE_OBJC_WEAK = YES;
				CLANG_WARN_BLOCK_CAPTURE_AUTORELEASING = YES;
				CLANG_WARN_BOOL_CONVERSION = YES;
				CLANG_WARN_COMMA = YES;
				CLANG_WARN_CONSTANT_CONVERSION = YES;
				CLANG_WARN_DEPRECATED_OBJC_IMPLEMENTATIONS = YES;
				CLANG_WARN_DIRECT_OBJC_ISA_USAGE = YES_ERROR;
				CLANG_WARN_DOCUMENTATION_COMMENTS = YES;
				CLANG_WARN_EMPTY_BODY = YES;
				CLANG_WARN_ENUM_CONVERSION = YES;
				CLANG_WARN_INFINITE_RECURSION = YES;
				CLANG_WARN_INT_CONVERSION = YES;
				CLANG_WARN_NON_LITERAL_NULL_CONVERSION = YES;
				CLANG_WARN_OBJC_IMPLICIT_RETAIN_SELF = YES;
				CLANG_WARN_OBJC_LITERAL_CONVERSION = YES;
				CLANG_WARN_OBJC_ROOT_CLASS = YES_ERROR;
				CLANG_WARN_RANGE_LOOP_ANALYSIS = YES;
				CLANG_WARN_STRICT_PROTOTYPES = YES;
				CLANG_WARN_SUSPICIOUS_MOVE = YES;
				CLANG_WARN_UNGUARDED_AVAILABILITY = YES_AGGRESSIVE;
				CLANG_WARN_UNREACHABLE_CODE = YES;
				CLANG_WARN__DUPLICATE_METHOD_MATCH = YES;
				CODE_SIGN_IDENTITY = "iPhone Developer";
				COPY_PHASE_STRIP = NO;
				DEBUG_INFORMATION_FORMAT = "dwarf-with-dsym";
				ENABLE_NS_ASSERTIONS = NO;
				ENABLE_STRICT_OBJC_MSGSEND = YES;
				GCC_C_LANGUAGE_STANDARD = gnu11;
				GCC_NO_COMMON_BLOCKS = YES;
				GCC_WARN_64_TO_32_BIT_CONVERSION = YES;
				GCC_WARN_ABOUT_RETURN_TYPE = YES_ERROR;
				GCC_WARN_UNDECLARED_SELECTOR = YES;
				GCC_WARN_UNINITIALIZED_AUTOS = YES_AGGRESSIVE;
				GCC_WARN_UNUSED_FUNCTION = YES;
				GCC_WARN_UNUSED_VARIABLE = YES;
				IPHONEOS_DEPLOYMENT_TARGET = 11.4;
				MTL_ENABLE_DEBUG_INFO = NO;
				SDKROOT = iphoneos;
				SWIFT_COMPILATION_MODE = wholemodule;
				SWIFT_OPTIMIZATION_LEVEL = "-O";
				VALIDATE_PRODUCT = YES;
			};
			name = Release;
		};
		E3837465213AFB65006C1054 /* Debug */ = {
			isa = XCBuildConfiguration;
			buildSettings = {
				ASSETCATALOG_COMPILER_APPICON_NAME = AppIcon;
				CODE_SIGN_STYLE = Automatic;
				DEVELOPMENT_TEAM = 7LLQS9XBT5;
				FRAMEWORK_SEARCH_PATHS = (
					"$(inherited)",
					"$(PROJECT_DIR)/Carthage/Build/iOS",
				);
				INFOPLIST_FILE = JatAppDemo/Info.plist;
				LD_RUNPATH_SEARCH_PATHS = (
					"$(inherited)",
					"@executable_path/Frameworks",
				);
				PRODUCT_BUNDLE_IDENTIFIER = JatApp.JatAppDemo;
				PRODUCT_NAME = "$(TARGET_NAME)";
				SWIFT_VERSION = 4.0;
				TARGETED_DEVICE_FAMILY = "1,2";
			};
			name = Debug;
		};
		E3837466213AFB65006C1054 /* Release */ = {
			isa = XCBuildConfiguration;
			buildSettings = {
				ASSETCATALOG_COMPILER_APPICON_NAME = AppIcon;
				CODE_SIGN_STYLE = Automatic;
				DEVELOPMENT_TEAM = 7LLQS9XBT5;
				FRAMEWORK_SEARCH_PATHS = (
					"$(inherited)",
					"$(PROJECT_DIR)/Carthage/Build/iOS",
				);
				INFOPLIST_FILE = JatAppDemo/Info.plist;
				LD_RUNPATH_SEARCH_PATHS = (
					"$(inherited)",
					"@executable_path/Frameworks",
				);
				PRODUCT_BUNDLE_IDENTIFIER = JatApp.JatAppDemo;
				PRODUCT_NAME = "$(TARGET_NAME)";
				SWIFT_VERSION = 4.0;
				TARGETED_DEVICE_FAMILY = "1,2";
			};
			name = Release;
		};
/* End XCBuildConfiguration section */

/* Begin XCConfigurationList section */
		E383744D213AFB63006C1054 /* Build configuration list for PBXProject "JatAppDemo" */ = {
			isa = XCConfigurationList;
			buildConfigurations = (
				E3837462213AFB65006C1054 /* Debug */,
				E3837463213AFB65006C1054 /* Release */,
			);
			defaultConfigurationIsVisible = 0;
			defaultConfigurationName = Release;
		};
		E3837464213AFB65006C1054 /* Build configuration list for PBXNativeTarget "JatAppDemo" */ = {
			isa = XCConfigurationList;
			buildConfigurations = (
				E3837465213AFB65006C1054 /* Debug */,
				E3837466213AFB65006C1054 /* Release */,
			);
			defaultConfigurationIsVisible = 0;
			defaultConfigurationName = Release;
		};
/* End XCConfigurationList section */
	};
	rootObject = E383744A213AFB63006C1054 /* Project object */;
}
